
Microsoft Visual Studio Solution File, Format Version 12.00
# Visual Studio Version 16
VisualStudioVersion = 16.0.33529.622
MinimumVisualStudioVersion = 10.0.40219.1
Project("{8BC9CEB8-8B4A-11D0-8D11-00A0C91BC942}") = "add", "add\add.vcxproj", "{2CB96C68-2A3A-453B-9728-59847473D7F4}"
EndProject
Global
	GlobalSection(SolutionConfigurationPlatforms) = preSolution
		Debug|x64 = Debug|x64
		Debug|x86 = Debug|x86
		Release|x64 = Release|x64
		Release|x86 = Release|x86
	EndGlobalSection
	GlobalSection(ProjectConfigurationPlatforms) = postSolution
		{2CB96C68-2A3A-453B-9728-59847473D7F4}.Debug|x64.ActiveCfg = Debug|x64
		{2CB96C68-2A3A-453B-9728-59847473D7F4}.Debug|x64.Build.0 = Debug|x64
		{2CB96C68-2A3A-453B-9728-59847473D7F4}.Debug|x86.ActiveCfg = Debug|Win32
		{2CB96C68-2A3A-453B-9728-59847473D7F4}.Debug|x86.Build.0 = Debug|Win32
		{2CB96C68-2A3A-453B-9728-59847473D7F4}.Release|x64.ActiveCfg = Release|x64
		{2CB96C68-2A3A-453B-9728-59847473D7F4}.Release|x64.Build.0 = Release|x64
		{2CB96C68-2A3A-453B-9728-59847473D7F4}.Release|x86.ActiveCfg = Release|Win32
		{2CB96C68-2A3A-453B-9728-59847473D7F4}.Release|x86.Build.0 = Release|Win32
	EndGlobalSection
	GlobalSection(SolutionProperties) = preSolution
		HideSolutionNode = FALSE
	EndGlobalSection
	GlobalSection(ExtensibilityGlobals) = postSolution
		SolutionGuid = {1265F27A-E282-4335-BADB-DA5E3756EFAB}
	EndGlobalSection
EndGlobal
